
Microsoft Visual Studio Solution File, Format Version 12.00
# Visual Studio 14
VisualStudioVersion = 14.0.25420.1
MinimumVisualStudioVersion = 10.0.40219.1
Project("{FAE04EC0-301F-11D3-BF4B-00C04F79EFBC}") = "Resource.Skills.Analysis", "Resource.Skills.Analysis\Resource.Skills.Analysis.csproj", "{420C338E-C7D1-4450-BE1C-3B9C01411F4D}"
EndProject
Project("{FAE04EC0-301F-11D3-BF4B-00C04F79EFBC}") = "Resource.Skills.Analysis.Domain", "Resource.Skills.Analysis.Dominio\Resource.Skills.Analysis.Domain.csproj", "{0F0A4AF1-7FA0-4535-8A1A-8CEBDB73A31E}"
EndProject
Project("{FAE04EC0-301F-11D3-BF4B-00C04F79EFBC}") = "Resource.Skills.Analysis.RepositoryDB", "Resource.Skills.Analysis.Repository\Resource.Skills.Analysis.RepositoryDB.csproj", "{FE0DB0E8-FAE0-4E6B-8785-A31CBE675D89}"
EndProject
Global
	GlobalSection(SolutionConfigurationPlatforms) = preSolution
		Debug|Any CPU = Debug|Any CPU
		Release|Any CPU = Release|Any CPU
	EndGlobalSection
	GlobalSection(ProjectConfigurationPlatforms) = postSolution
		{420C338E-C7D1-4450-BE1C-3B9C01411F4D}.Debug|Any CPU.ActiveCfg = Debug|Any CPU
		{420C338E-C7D1-4450-BE1C-3B9C01411F4D}.Debug|Any CPU.Build.0 = Debug|Any CPU
		{420C338E-C7D1-4450-BE1C-3B9C01411F4D}.Release|Any CPU.ActiveCfg = Release|Any CPU
		{420C338E-C7D1-4450-BE1C-3B9C01411F4D}.Release|Any CPU.Build.0 = Release|Any CPU
		{0F0A4AF1-7FA0-4535-8A1A-8CEBDB73A31E}.Debug|Any CPU.ActiveCfg = Debug|Any CPU
		{0F0A4AF1-7FA0-4535-8A1A-8CEBDB73A31E}.Debug|Any CPU.Build.0 = Debug|Any CPU
		{0F0A4AF1-7FA0-4535-8A1A-8CEBDB73A31E}.Release|Any CPU.ActiveCfg = Release|Any CPU
		{0F0A4AF1-7FA0-4535-8A1A-8CEBDB73A31E}.Release|Any CPU.Build.0 = Release|Any CPU
		{FE0DB0E8-FAE0-4E6B-8785-A31CBE675D89}.Debug|Any CPU.ActiveCfg = Debug|Any CPU
		{FE0DB0E8-FAE0-4E6B-8785-A31CBE675D89}.Debug|Any CPU.Build.0 = Debug|Any CPU
		{FE0DB0E8-FAE0-4E6B-8785-A31CBE675D89}.Release|Any CPU.ActiveCfg = Release|Any CPU
		{FE0DB0E8-FAE0-4E6B-8785-A31CBE675D89}.Release|Any CPU.Build.0 = Release|Any CPU
	EndGlobalSection
	GlobalSection(SolutionProperties) = preSolution
		HideSolutionNode = FALSE
	EndGlobalSection
	GlobalSection(ExtensibilityGlobals) = postSolution
		SolutionGuid = {3BB66C32-1189-423F-AED9-6BA2BF08EEEE}
	EndGlobalSection
EndGlobal
